
Microsoft Visual Studio Solution File, Format Version 11.00
# Visual Studio 2010
Project("{FAE04EC0-301F-11D3-BF4B-00C04F79EFBC}") = "GraphicLayerGoogleExport.Web", "GraphicLayerGoogleExport.Web\GraphicLayerGoogleExport.Web.csproj", "{E2ED03AE-4697-4FD8-9544-26B70E0801E2}"
EndProject
Project("{FAE04EC0-301F-11D3-BF4B-00C04F79EFBC}") = "GraphicLayerGoogleExport", "GraphicLayerGoogleExport\GraphicLayerGoogleExport.csproj", "{F0F87918-47E3-4791-BF61-37D48856A8B9}"
EndProject
Global
	GlobalSection(SolutionConfigurationPlatforms) = preSolution
		Debug|Any CPU = Debug|Any CPU
		Release|Any CPU = Release|Any CPU
	EndGlobalSection
	GlobalSection(ProjectConfigurationPlatforms) = postSolution
		{E2ED03AE-4697-4FD8-9544-26B70E0801E2}.Debug|Any CPU.ActiveCfg = Debug|Any CPU
		{E2ED03AE-4697-4FD8-9544-26B70E0801E2}.Debug|Any CPU.Build.0 = Debug|Any CPU
		{E2ED03AE-4697-4FD8-9544-26B70E0801E2}.Release|Any CPU.ActiveCfg = Release|Any CPU
		{E2ED03AE-4697-4FD8-9544-26B70E0801E2}.Release|Any CPU.Build.0 = Release|Any CPU
		{F0F87918-47E3-4791-BF61-37D48856A8B9}.Debug|Any CPU.ActiveCfg = Debug|Any CPU
		{F0F87918-47E3-4791-BF61-37D48856A8B9}.Debug|Any CPU.Build.0 = Debug|Any CPU
		{F0F87918-47E3-4791-BF61-37D48856A8B9}.Release|Any CPU.ActiveCfg = Release|Any CPU
		{F0F87918-47E3-4791-BF61-37D48856A8B9}.Release|Any CPU.Build.0 = Release|Any CPU
		{362A8A61-E6EC-40D2-AD78-3799AA203B9F}.Debug|Any CPU.ActiveCfg = Debug|Any CPU
		{362A8A61-E6EC-40D2-AD78-3799AA203B9F}.Debug|Any CPU.Build.0 = Debug|Any CPU
		{362A8A61-E6EC-40D2-AD78-3799AA203B9F}.Release|Any CPU.ActiveCfg = Release|Any CPU
		{362A8A61-E6EC-40D2-AD78-3799AA203B9F}.Release|Any CPU.Build.0 = Release|Any CPU
	EndGlobalSection
	GlobalSection(SolutionProperties) = preSolution
		HideSolutionNode = FALSE
	EndGlobalSection
EndGlobal
